
Microsoft Visual Studio Solution File, Format Version 12.00
# Visual Studio Version 17
VisualStudioVersion = 17.4.33110.190
MinimumVisualStudioVersion = 10.0.40219.1
Project("{FAE04EC0-301F-11D3-BF4B-00C04F79EFBC}") = "MachineAPI", "MachineAPI\MachineAPI.csproj", "{97FE3526-8500-4C1F-9A28-623933B9BC66}"
EndProject
Project("{00D1A9C2-B5F0-4AF3-8072-F6C62B433612}") = "MachineDB", "MachineDB\MachineDB.sqlproj", "{2F46BEF0-4C8A-465C-B4A6-73A49E185617}"
EndProject
Project("{FAE04EC0-301F-11D3-BF4B-00C04F79EFBC}") = "DataAcces", "DataAcces\DataAcces.csproj", "{C26F62E7-61D7-4F7B-94EB-08788A4690C5}"
EndProject
Global
	GlobalSection(SolutionConfigurationPlatforms) = preSolution
		Debug|Any CPU = Debug|Any CPU
		Release|Any CPU = Release|Any CPU
	EndGlobalSection
	GlobalSection(ProjectConfigurationPlatforms) = postSolution
		{97FE3526-8500-4C1F-9A28-623933B9BC66}.Debug|Any CPU.ActiveCfg = Debug|Any CPU
		{97FE3526-8500-4C1F-9A28-623933B9BC66}.Debug|Any CPU.Build.0 = Debug|Any CPU
		{97FE3526-8500-4C1F-9A28-623933B9BC66}.Release|Any CPU.ActiveCfg = Release|Any CPU
		{97FE3526-8500-4C1F-9A28-623933B9BC66}.Release|Any CPU.Build.0 = Release|Any CPU
		{2F46BEF0-4C8A-465C-B4A6-73A49E185617}.Debug|Any CPU.ActiveCfg = Debug|Any CPU
		{2F46BEF0-4C8A-465C-B4A6-73A49E185617}.Debug|Any CPU.Build.0 = Debug|Any CPU
		{2F46BEF0-4C8A-465C-B4A6-73A49E185617}.Debug|Any CPU.Deploy.0 = Debug|Any CPU
		{2F46BEF0-4C8A-465C-B4A6-73A49E185617}.Release|Any CPU.ActiveCfg = Release|Any CPU
		{2F46BEF0-4C8A-465C-B4A6-73A49E185617}.Release|Any CPU.Build.0 = Release|Any CPU
		{2F46BEF0-4C8A-465C-B4A6-73A49E185617}.Release|Any CPU.Deploy.0 = Release|Any CPU
		{C26F62E7-61D7-4F7B-94EB-08788A4690C5}.Debug|Any CPU.ActiveCfg = Debug|Any CPU
		{C26F62E7-61D7-4F7B-94EB-08788A4690C5}.Debug|Any CPU.Build.0 = Debug|Any CPU
		{C26F62E7-61D7-4F7B-94EB-08788A4690C5}.Release|Any CPU.ActiveCfg = Release|Any CPU
		{C26F62E7-61D7-4F7B-94EB-08788A4690C5}.Release|Any CPU.Build.0 = Release|Any CPU
	EndGlobalSection
	GlobalSection(SolutionProperties) = preSolution
		HideSolutionNode = FALSE
	EndGlobalSection
	GlobalSection(ExtensibilityGlobals) = postSolution
		SolutionGuid = {31B75BD4-F479-4846-8ADA-BBAD4B747E71}
	EndGlobalSection
EndGlobal
